
Microsoft Visual Studio Solution File, Format Version 12.00
# Visual Studio Version 17
VisualStudioVersion = 17.8.34330.188
MinimumVisualStudioVersion = 10.0.40219.1
Project("{FAE04EC0-301F-11D3-BF4B-00C04F79EFBC}") = "Lession5NETCORE", "Lession5NETCORE\Lession5NETCORE.csproj", "{BF682B0A-CA4B-4592-88DE-8781116B1031}"
EndProject
Project("{FAE04EC0-301F-11D3-BF4B-00C04F79EFBC}") = "CODEFIRT", "CODEFIRT\CODEFIRT.csproj", "{CEAEADA0-D069-43B0-BB26-01D89435EA10}"
EndProject
Global
	GlobalSection(SolutionConfigurationPlatforms) = preSolution
		Debug|Any CPU = Debug|Any CPU
		Release|Any CPU = Release|Any CPU
	EndGlobalSection
	GlobalSection(ProjectConfigurationPlatforms) = postSolution
		{BF682B0A-CA4B-4592-88DE-8781116B1031}.Debug|Any CPU.ActiveCfg = Debug|Any CPU
		{BF682B0A-CA4B-4592-88DE-8781116B1031}.Debug|Any CPU.Build.0 = Debug|Any CPU
		{BF682B0A-CA4B-4592-88DE-8781116B1031}.Release|Any CPU.ActiveCfg = Release|Any CPU
		{BF682B0A-CA4B-4592-88DE-8781116B1031}.Release|Any CPU.Build.0 = Release|Any CPU
		{CEAEADA0-D069-43B0-BB26-01D89435EA10}.Debug|Any CPU.ActiveCfg = Debug|Any CPU
		{CEAEADA0-D069-43B0-BB26-01D89435EA10}.Debug|Any CPU.Build.0 = Debug|Any CPU
		{CEAEADA0-D069-43B0-BB26-01D89435EA10}.Release|Any CPU.ActiveCfg = Release|Any CPU
		{CEAEADA0-D069-43B0-BB26-01D89435EA10}.Release|Any CPU.Build.0 = Release|Any CPU
	EndGlobalSection
	GlobalSection(SolutionProperties) = preSolution
		HideSolutionNode = FALSE
	EndGlobalSection
	GlobalSection(ExtensibilityGlobals) = postSolution
		SolutionGuid = {5B781004-D94D-4253-91E5-D03643AB3C6A}
	EndGlobalSection
EndGlobal
