
Microsoft Visual Studio Solution File, Format Version 12.00
# Visual Studio Version 17
VisualStudioVersion = 17.8.34330.188
MinimumVisualStudioVersion = 10.0.40219.1
Project("{FAE04EC0-301F-11D3-BF4B-00C04F79EFBC}") = "Lession 4", "Lession 4\Lession 4.csproj", "{A6E21846-E0AE-4952-8326-067EDF9F546B}"
EndProject
Global
	GlobalSection(SolutionConfigurationPlatforms) = preSolution
		Debug|Any CPU = Debug|Any CPU
		Release|Any CPU = Release|Any CPU
	EndGlobalSection
	GlobalSection(ProjectConfigurationPlatforms) = postSolution
		{A6E21846-E0AE-4952-8326-067EDF9F546B}.Debug|Any CPU.ActiveCfg = Debug|Any CPU
		{A6E21846-E0AE-4952-8326-067EDF9F546B}.Debug|Any CPU.Build.0 = Debug|Any CPU
		{A6E21846-E0AE-4952-8326-067EDF9F546B}.Release|Any CPU.ActiveCfg = Release|Any CPU
		{A6E21846-E0AE-4952-8326-067EDF9F546B}.Release|Any CPU.Build.0 = Release|Any CPU
	EndGlobalSection
	GlobalSection(SolutionProperties) = preSolution
		HideSolutionNode = FALSE
	EndGlobalSection
	GlobalSection(ExtensibilityGlobals) = postSolution
		SolutionGuid = {BACD27B0-4F8E-42E5-8989-C080B06F65BC}
	EndGlobalSection
EndGlobal
