
Microsoft Visual Studio Solution File, Format Version 12.00
# Visual Studio Version 17
VisualStudioVersion = 17.8.34330.188
MinimumVisualStudioVersion = 10.0.40219.1
Project("{FAE04EC0-301F-11D3-BF4B-00C04F79EFBC}") = "Lession7NETCORE", "Lession7NETCORE\Lession7NETCORE.csproj", "{2EF12301-EC67-4D04-BF06-F9393285CE9A}"
EndProject
Global
	GlobalSection(SolutionConfigurationPlatforms) = preSolution
		Debug|Any CPU = Debug|Any CPU
		Release|Any CPU = Release|Any CPU
	EndGlobalSection
	GlobalSection(ProjectConfigurationPlatforms) = postSolution
		{2EF12301-EC67-4D04-BF06-F9393285CE9A}.Debug|Any CPU.ActiveCfg = Debug|Any CPU
		{2EF12301-EC67-4D04-BF06-F9393285CE9A}.Debug|Any CPU.Build.0 = Debug|Any CPU
		{2EF12301-EC67-4D04-BF06-F9393285CE9A}.Release|Any CPU.ActiveCfg = Release|Any CPU
		{2EF12301-EC67-4D04-BF06-F9393285CE9A}.Release|Any CPU.Build.0 = Release|Any CPU
	EndGlobalSection
	GlobalSection(SolutionProperties) = preSolution
		HideSolutionNode = FALSE
	EndGlobalSection
	GlobalSection(ExtensibilityGlobals) = postSolution
		SolutionGuid = {34744E51-283F-4071-BF27-A69F4C68B7FB}
	EndGlobalSection
EndGlobal
