
Microsoft Visual Studio Solution File, Format Version 12.00
# Visual Studio Version 17
VisualStudioVersion = 17.8.34330.188
MinimumVisualStudioVersion = 10.0.40219.1
Project("{FAE04EC0-301F-11D3-BF4B-00C04F79EFBC}") = "BT1", "BT1\BT1.csproj", "{CF64302C-DA1E-421C-98BA-31CFDF1B7549}"
EndProject
Global
	GlobalSection(SolutionConfigurationPlatforms) = preSolution
		Debug|Any CPU = Debug|Any CPU
		Release|Any CPU = Release|Any CPU
	EndGlobalSection
	GlobalSection(ProjectConfigurationPlatforms) = postSolution
		{CF64302C-DA1E-421C-98BA-31CFDF1B7549}.Debug|Any CPU.ActiveCfg = Debug|Any CPU
		{CF64302C-DA1E-421C-98BA-31CFDF1B7549}.Debug|Any CPU.Build.0 = Debug|Any CPU
		{CF64302C-DA1E-421C-98BA-31CFDF1B7549}.Release|Any CPU.ActiveCfg = Release|Any CPU
		{CF64302C-DA1E-421C-98BA-31CFDF1B7549}.Release|Any CPU.Build.0 = Release|Any CPU
	EndGlobalSection
	GlobalSection(SolutionProperties) = preSolution
		HideSolutionNode = FALSE
	EndGlobalSection
	GlobalSection(ExtensibilityGlobals) = postSolution
		SolutionGuid = {5C91DD53-0007-4E55-9B2B-E1FDA52CE82C}
	EndGlobalSection
EndGlobal
