
Microsoft Visual Studio Solution File, Format Version 12.00
# Visual Studio Version 17
VisualStudioVersion = 17.8.34330.188
MinimumVisualStudioVersion = 10.0.40219.1
Project("{FAE04EC0-301F-11D3-BF4B-00C04F79EFBC}") = "Lession9_ontap", "Lession9_ontap\Lession9_ontap.csproj", "{01E237C9-9F19-4BD5-AFB1-562061981D65}"
EndProject
Project("{FAE04EC0-301F-11D3-BF4B-00C04F79EFBC}") = "QLBanSach", "QLBanSach\QLBanSach.csproj", "{976866B1-56C5-4F0B-BC94-6E182A057A5D}"
EndProject
Global
	GlobalSection(SolutionConfigurationPlatforms) = preSolution
		Debug|Any CPU = Debug|Any CPU
		Release|Any CPU = Release|Any CPU
	EndGlobalSection
	GlobalSection(ProjectConfigurationPlatforms) = postSolution
		{01E237C9-9F19-4BD5-AFB1-562061981D65}.Debug|Any CPU.ActiveCfg = Debug|Any CPU
		{01E237C9-9F19-4BD5-AFB1-562061981D65}.Debug|Any CPU.Build.0 = Debug|Any CPU
		{01E237C9-9F19-4BD5-AFB1-562061981D65}.Release|Any CPU.ActiveCfg = Release|Any CPU
		{01E237C9-9F19-4BD5-AFB1-562061981D65}.Release|Any CPU.Build.0 = Release|Any CPU
		{976866B1-56C5-4F0B-BC94-6E182A057A5D}.Debug|Any CPU.ActiveCfg = Debug|Any CPU
		{976866B1-56C5-4F0B-BC94-6E182A057A5D}.Debug|Any CPU.Build.0 = Debug|Any CPU
		{976866B1-56C5-4F0B-BC94-6E182A057A5D}.Release|Any CPU.ActiveCfg = Release|Any CPU
		{976866B1-56C5-4F0B-BC94-6E182A057A5D}.Release|Any CPU.Build.0 = Release|Any CPU
	EndGlobalSection
	GlobalSection(SolutionProperties) = preSolution
		HideSolutionNode = FALSE
	EndGlobalSection
	GlobalSection(ExtensibilityGlobals) = postSolution
		SolutionGuid = {AAF30822-0AA9-45BC-9212-1EC19C8928D2}
	EndGlobalSection
EndGlobal
