
Microsoft Visual Studio Solution File, Format Version 12.00
# Visual Studio Version 17
VisualStudioVersion = 17.8.34330.188
MinimumVisualStudioVersion = 10.0.40219.1
Project("{FAE04EC0-301F-11D3-BF4B-00C04F79EFBC}") = "Lab4", "Lab4\Lab4.csproj", "{45F1A972-F9A6-48E1-8071-3F3AE061405C}"
EndProject
Global
	GlobalSection(SolutionConfigurationPlatforms) = preSolution
		Debug|Any CPU = Debug|Any CPU
		Release|Any CPU = Release|Any CPU
	EndGlobalSection
	GlobalSection(ProjectConfigurationPlatforms) = postSolution
		{45F1A972-F9A6-48E1-8071-3F3AE061405C}.Debug|Any CPU.ActiveCfg = Debug|Any CPU
		{45F1A972-F9A6-48E1-8071-3F3AE061405C}.Debug|Any CPU.Build.0 = Debug|Any CPU
		{45F1A972-F9A6-48E1-8071-3F3AE061405C}.Release|Any CPU.ActiveCfg = Release|Any CPU
		{45F1A972-F9A6-48E1-8071-3F3AE061405C}.Release|Any CPU.Build.0 = Release|Any CPU
	EndGlobalSection
	GlobalSection(SolutionProperties) = preSolution
		HideSolutionNode = FALSE
	EndGlobalSection
	GlobalSection(ExtensibilityGlobals) = postSolution
		SolutionGuid = {5582E443-2DFE-4C2B-B94D-31EC8512EFAC}
	EndGlobalSection
EndGlobal
