
Microsoft Visual Studio Solution File, Format Version 12.00
# Visual Studio Version 17
VisualStudioVersion = 17.8.34330.188
MinimumVisualStudioVersion = 10.0.40219.1
Project("{9A19103F-16F7-4668-BE54-9A1E7A4F7556}") = "Lab7", "Lab7\Lab7.csproj", "{DE27366B-3BB6-40AF-BCFB-C8CD1BFF4EDB}"
EndProject
Project("{FAE04EC0-301F-11D3-BF4B-00C04F79EFBC}") = "Lab7_2", "Lab7_2\Lab7_2.csproj", "{5F693F4C-7941-4688-B5BE-3C1E1AFCA91D}"
EndProject
Project("{FAE04EC0-301F-11D3-BF4B-00C04F79EFBC}") = "Lab7_3", "Lab7_3\Lab7_3.csproj", "{2FEE6B9B-9492-4D75-80EE-158ABFD3B983}"
EndProject
Global
	GlobalSection(SolutionConfigurationPlatforms) = preSolution
		Debug|Any CPU = Debug|Any CPU
		Release|Any CPU = Release|Any CPU
	EndGlobalSection
	GlobalSection(ProjectConfigurationPlatforms) = postSolution
		{DE27366B-3BB6-40AF-BCFB-C8CD1BFF4EDB}.Debug|Any CPU.ActiveCfg = Debug|Any CPU
		{DE27366B-3BB6-40AF-BCFB-C8CD1BFF4EDB}.Debug|Any CPU.Build.0 = Debug|Any CPU
		{DE27366B-3BB6-40AF-BCFB-C8CD1BFF4EDB}.Release|Any CPU.ActiveCfg = Release|Any CPU
		{DE27366B-3BB6-40AF-BCFB-C8CD1BFF4EDB}.Release|Any CPU.Build.0 = Release|Any CPU
		{5F693F4C-7941-4688-B5BE-3C1E1AFCA91D}.Debug|Any CPU.ActiveCfg = Debug|Any CPU
		{5F693F4C-7941-4688-B5BE-3C1E1AFCA91D}.Debug|Any CPU.Build.0 = Debug|Any CPU
		{5F693F4C-7941-4688-B5BE-3C1E1AFCA91D}.Release|Any CPU.ActiveCfg = Release|Any CPU
		{5F693F4C-7941-4688-B5BE-3C1E1AFCA91D}.Release|Any CPU.Build.0 = Release|Any CPU
		{2FEE6B9B-9492-4D75-80EE-158ABFD3B983}.Debug|Any CPU.ActiveCfg = Debug|Any CPU
		{2FEE6B9B-9492-4D75-80EE-158ABFD3B983}.Debug|Any CPU.Build.0 = Debug|Any CPU
		{2FEE6B9B-9492-4D75-80EE-158ABFD3B983}.Release|Any CPU.ActiveCfg = Release|Any CPU
		{2FEE6B9B-9492-4D75-80EE-158ABFD3B983}.Release|Any CPU.Build.0 = Release|Any CPU
	EndGlobalSection
	GlobalSection(SolutionProperties) = preSolution
		HideSolutionNode = FALSE
	EndGlobalSection
	GlobalSection(ExtensibilityGlobals) = postSolution
		SolutionGuid = {0C126C1B-83A6-4538-9CAB-8B325FE4C40A}
	EndGlobalSection
EndGlobal
